
Microsoft Visual Studio Solution File, Format Version 12.00
# Visual Studio 2017
Project("{FAE04EC0-301F-11D3-BF4B-00C04F79EFBC}") = "SW2T4", "SW2T4.csproj", "{B665BE54-B6D9-C15A-A666-5584DFD931FE}"
EndProject
Global
	GlobalSection(SolutionConfigurationPlatforms) = preSolution
		Debug|Any CPU = Debug|Any CPU
		Release|Any CPU = Release|Any CPU
	EndGlobalSection
	GlobalSection(ProjectConfigurationPlatforms) = postSolution
		{B665BE54-B6D9-C15A-A666-5584DFD931FE}.Debug|Any CPU.ActiveCfg = Debug|Any CPU
		{B665BE54-B6D9-C15A-A666-5584DFD931FE}.Debug|Any CPU.Build.0 = Debug|Any CPU
		{B665BE54-B6D9-C15A-A666-5584DFD931FE}.Release|Any CPU.ActiveCfg = Release|Any CPU
		{B665BE54-B6D9-C15A-A666-5584DFD931FE}.Release|Any CPU.Build.0 = Release|Any CPU
	EndGlobalSection
	GlobalSection(SolutionProperties) = preSolution
		HideSolutionNode = FALSE
	EndGlobalSection
EndGlobal
